
Microsoft Visual Studio Solution File, Format Version 12.00
# Visual Studio Version 17
VisualStudioVersion = 17.13.35818.85 d17.13
MinimumVisualStudioVersion = 10.0.40219.1
Project("{FAE04EC0-301F-11D3-BF4B-00C04F79EFBC}") = "SIGEBiProbando", "SIGEBiProbando\SIGEBiProbando.csproj", "{EA8C8E4B-7342-4F1B-84D2-784852D593CF}"
EndProject
Project("{2150E333-8FDC-42A3-9474-1A3956D46DE8}") = "API", "API", "{02EA681E-C7D8-13C7-8484-4AC65E1B71E8}"
EndProject
Project("{2150E333-8FDC-42A3-9474-1A3956D46DE8}") = "Business Application", "Business Application", "{8F5D7A65-6C90-4707-842F-6602AFC5759B}"
EndProject
Project("{2150E333-8FDC-42A3-9474-1A3956D46DE8}") = "Domain", "Domain", "{F810F6C5-5499-4137-BD70-1F782479B73D}"
EndProject
Project("{2150E333-8FDC-42A3-9474-1A3956D46DE8}") = "Infrastructure", "Infrastructure", "{DA81DE25-A8D1-4D2F-A442-5E4B56455BBB}"
EndProject
Project("{2150E333-8FDC-42A3-9474-1A3956D46DE8}") = "Web", "Web", "{BF44A504-D34D-40FC-BD51-38DCEB004D31}"
EndProject
Project("{2150E333-8FDC-42A3-9474-1A3956D46DE8}") = "Test", "Test", "{8082AD60-C3EC-4C80-BF3F-C2632A57D579}"
EndProject
Project("{FAE04EC0-301F-11D3-BF4B-00C04F79EFBC}") = "SIGEBI.API", "SIGEBI.API\SIGEBI.API.csproj", "{20909F13-686D-4B30-818A-2CEFF0AA3774}"
EndProject
Project("{FAE04EC0-301F-11D3-BF4B-00C04F79EFBC}") = "SIGEBI.Business", "SIGEBI.Application\SIGEBI.Business.csproj", "{6A6BF81B-E645-421B-9C14-B167F37820BD}"
EndProject
Project("{FAE04EC0-301F-11D3-BF4B-00C04F79EFBC}") = "SIGEBI.Domain", "SIGEBI.Domain\SIGEBI.Domain.csproj", "{F03CCE3C-AC43-4833-B45B-6D0457BB52D6}"
EndProject
Project("{FAE04EC0-301F-11D3-BF4B-00C04F79EFBC}") = "SIGEBI.Infrastructure", "SIGEBI.Infrastructure\SIGEBI.Infrastructure.csproj", "{59540A9B-7FFA-4CC1-9FA9-7BB94FA2E325}"
EndProject
Project("{FAE04EC0-301F-11D3-BF4B-00C04F79EFBC}") = "SIGEBI.Web", "SIGEBI.Web\SIGEBI.Web.csproj", "{1665FAD7-6589-475F-B555-52FAFFF6F4D0}"
EndProject
Project("{FAE04EC0-301F-11D3-BF4B-00C04F79EFBC}") = "SIGEBI.Tests", "SIGEBI.Tests\SIGEBI.Tests.csproj", "{AED9BC6B-F579-4A7F-A0F3-4F61BC8799CA}"
EndProject
Global
	GlobalSection(SolutionConfigurationPlatforms) = preSolution
		Debug|Any CPU = Debug|Any CPU
		Release|Any CPU = Release|Any CPU
	EndGlobalSection
	GlobalSection(ProjectConfigurationPlatforms) = postSolution
		{EA8C8E4B-7342-4F1B-84D2-784852D593CF}.Debug|Any CPU.ActiveCfg = Debug|Any CPU
		{EA8C8E4B-7342-4F1B-84D2-784852D593CF}.Debug|Any CPU.Build.0 = Debug|Any CPU
		{EA8C8E4B-7342-4F1B-84D2-784852D593CF}.Release|Any CPU.ActiveCfg = Release|Any CPU
		{EA8C8E4B-7342-4F1B-84D2-784852D593CF}.Release|Any CPU.Build.0 = Release|Any CPU
		{20909F13-686D-4B30-818A-2CEFF0AA3774}.Debug|Any CPU.ActiveCfg = Debug|Any CPU
		{20909F13-686D-4B30-818A-2CEFF0AA3774}.Debug|Any CPU.Build.0 = Debug|Any CPU
		{20909F13-686D-4B30-818A-2CEFF0AA3774}.Release|Any CPU.ActiveCfg = Release|Any CPU
		{20909F13-686D-4B30-818A-2CEFF0AA3774}.Release|Any CPU.Build.0 = Release|Any CPU
		{6A6BF81B-E645-421B-9C14-B167F37820BD}.Debug|Any CPU.ActiveCfg = Debug|Any CPU
		{6A6BF81B-E645-421B-9C14-B167F37820BD}.Debug|Any CPU.Build.0 = Debug|Any CPU
		{6A6BF81B-E645-421B-9C14-B167F37820BD}.Release|Any CPU.ActiveCfg = Release|Any CPU
		{6A6BF81B-E645-421B-9C14-B167F37820BD}.Release|Any CPU.Build.0 = Release|Any CPU
		{F03CCE3C-AC43-4833-B45B-6D0457BB52D6}.Debug|Any CPU.ActiveCfg = Debug|Any CPU
		{F03CCE3C-AC43-4833-B45B-6D0457BB52D6}.Debug|Any CPU.Build.0 = Debug|Any CPU
		{F03CCE3C-AC43-4833-B45B-6D0457BB52D6}.Release|Any CPU.ActiveCfg = Release|Any CPU
		{F03CCE3C-AC43-4833-B45B-6D0457BB52D6}.Release|Any CPU.Build.0 = Release|Any CPU
		{59540A9B-7FFA-4CC1-9FA9-7BB94FA2E325}.Debug|Any CPU.ActiveCfg = Debug|Any CPU
		{59540A9B-7FFA-4CC1-9FA9-7BB94FA2E325}.Debug|Any CPU.Build.0 = Debug|Any CPU
		{59540A9B-7FFA-4CC1-9FA9-7BB94FA2E325}.Release|Any CPU.ActiveCfg = Release|Any CPU
		{59540A9B-7FFA-4CC1-9FA9-7BB94FA2E325}.Release|Any CPU.Build.0 = Release|Any CPU
		{1665FAD7-6589-475F-B555-52FAFFF6F4D0}.Debug|Any CPU.ActiveCfg = Debug|Any CPU
		{1665FAD7-6589-475F-B555-52FAFFF6F4D0}.Debug|Any CPU.Build.0 = Debug|Any CPU
		{1665FAD7-6589-475F-B555-52FAFFF6F4D0}.Release|Any CPU.ActiveCfg = Release|Any CPU
		{1665FAD7-6589-475F-B555-52FAFFF6F4D0}.Release|Any CPU.Build.0 = Release|Any CPU
		{AED9BC6B-F579-4A7F-A0F3-4F61BC8799CA}.Debug|Any CPU.ActiveCfg = Debug|Any CPU
		{AED9BC6B-F579-4A7F-A0F3-4F61BC8799CA}.Debug|Any CPU.Build.0 = Debug|Any CPU
		{AED9BC6B-F579-4A7F-A0F3-4F61BC8799CA}.Release|Any CPU.ActiveCfg = Release|Any CPU
		{AED9BC6B-F579-4A7F-A0F3-4F61BC8799CA}.Release|Any CPU.Build.0 = Release|Any CPU
	EndGlobalSection
	GlobalSection(SolutionProperties) = preSolution
		HideSolutionNode = FALSE
	EndGlobalSection
	GlobalSection(NestedProjects) = preSolution
		{20909F13-686D-4B30-818A-2CEFF0AA3774} = {02EA681E-C7D8-13C7-8484-4AC65E1B71E8}
		{6A6BF81B-E645-421B-9C14-B167F37820BD} = {8F5D7A65-6C90-4707-842F-6602AFC5759B}
		{F03CCE3C-AC43-4833-B45B-6D0457BB52D6} = {F810F6C5-5499-4137-BD70-1F782479B73D}
		{59540A9B-7FFA-4CC1-9FA9-7BB94FA2E325} = {DA81DE25-A8D1-4D2F-A442-5E4B56455BBB}
		{1665FAD7-6589-475F-B555-52FAFFF6F4D0} = {BF44A504-D34D-40FC-BD51-38DCEB004D31}
		{AED9BC6B-F579-4A7F-A0F3-4F61BC8799CA} = {8082AD60-C3EC-4C80-BF3F-C2632A57D579}
	EndGlobalSection
	GlobalSection(ExtensibilityGlobals) = postSolution
		SolutionGuid = {F016CB93-020E-4D04-B2FB-B93113BFEC3A}
	EndGlobalSection
EndGlobal
